// !$*UTF8*$!
{
	archiveVersion = 1;
	classes = {
	};
	objectVersion = 46;
	objects = {

/* Begin PBXBuildFile section */
		FD446B671F300BF000382F2D /* AppDelegate.swift in Sources */ = {isa = PBXBuildFile; fileRef = FD446B661F300BF000382F2D /* AppDelegate.swift */; };
		FD446B691F300BF000382F2D /* ViewController.swift in Sources */ = {isa = PBXBuildFile; fileRef = FD446B681F300BF000382F2D /* ViewController.swift */; };
		FD446B6C1F300BF000382F2D /* Main.storyboard in Resources */ = {isa = PBXBuildFile; fileRef = FD446B6A1F300BF000382F2D /* Main.storyboard */; };
		FD446B6E1F300BF000382F2D /* Assets.xcassets in Resources */ = {isa = PBXBuildFile; fileRef = FD446B6D1F300BF000382F2D /* Assets.xcassets */; };
		FD446B711F300BF100382F2D /* LaunchScreen.storyboard in Resources */ = {isa = PBXBuildFile; fileRef = FD446B6F1F300BF100382F2D /* LaunchScreen.storyboard */; };
/* End PBXBuildFile section */

/* Begin PBXFileReference section */
		FD446B631F300BF000382F2D /* flickrClient.app */ = {isa = PBXFileReference; explicitFileType = wrapper.application; includeInIndex = 0; path = flickrClient.app; sourceTree = BUILT_PRODUCTS_DIR; };
		FD446B661F300BF000382F2D /* AppDelegate.swift */ = {isa = PBXFileReference; lastKnownFileType = sourcecode.swift; path = AppDelegate.swift; sourceTree = "<group>"; };
		FD446B681F300BF000382F2D /* ViewController.swift */ = {isa = PBXFileReference; lastKnownFileType = sourcecode.swift; path = ViewController.swift; sourceTree = "<group>"; };
		FD446B6B1F300BF000382F2D /* Base */ = {isa = PBXFileReference; lastKnownFileType = file.storyboard; name = Base; path = Base.lproj/Main.storyboard; sourceTree = "<group>"; };
		FD446B6D1F300BF000382F2D /* Assets.xcassets */ = {isa = PBXFileReference; lastKnownFileType = folder.assetcatalog; path = Assets.xcassets; sourceTree = "<group>"; };
		FD446B701F300BF100382F2D /* Base */ = {isa = PBXFileReference; lastKnownFileType = file.storyboard; name = Base; path = Base.lproj/LaunchScreen.storyboard; sourceTree = "<group>"; };
		FD446B721F300BF100382F2D /* Info.plist */ = {isa = PBXFileReference; lastKnownFileType = text.plist.xml; path = Info.plist; sourceTree = "<group>"; };
/* End PBXFileReference section */

/* Begin PBXFrameworksBuildPhase section */
		FD446B601F300BF000382F2D /* Frameworks */ = {
			isa = PBXFrameworksBuildPhase;
			buildActionMask = 2147483647;
			files = (
			);
			runOnlyForDeploymentPostprocessing = 0;
		};
/* End PBXFrameworksBuildPhase section */

/* Begin PBXGroup section */
		FD446B5A1F300BF000382F2D = {
			isa = PBXGroup;
			children = (
				FD446B651F300BF000382F2D /* flickrClient */,
				FD446B641F300BF000382F2D /* Products */,
			);
			sourceTree = "<group>";
		};
		FD446B641F300BF000382F2D /* Products */ = {
			isa = PBXGroup;
			children = (
				FD446B631F300BF000382F2D /* flickrClient.app */,
			);
			name = Products;
			sourceTree = "<group>";
		};
		FD446B651F300BF000382F2D /* flickrClient */ = {
			isa = PBXGroup;
			children = (
				FD446B661F300BF000382F2D /* AppDelegate.swift */,
				FD446B681F300BF000382F2D /* ViewController.swift */,
				FD446B6A1F300BF000382F2D /* Main.storyboard */,
				FD446B6D1F300BF000382F2D /* Assets.xcassets */,
				FD446B6F1F300BF100382F2D /* LaunchScreen.storyboard */,
				FD446B721F300BF100382F2D /* Info.plist */,
			);
			path = flickrClient;
			sourceTree = "<group>";
		};
/* End PBXGroup section */

/* Begin PBXNativeTarget section */
		FD446B621F300BF000382F2D /* flickrClient */ = {
			isa = PBXNativeTarget;
			buildConfigurationList = FD446B751F300BF100382F2D /* Build configuration list for PBXNativeTarget "flickrClient" */;
			buildPhases = (
				FD446B5F1F300BF000382F2D /* Sources */,
				FD446B601F300BF000382F2D /* Frameworks */,
				FD446B611F300BF000382F2D /* Resources */,
			);
			buildRules = (
			);
			dependencies = (
			);
			name = flickrClient;
			productName = flickrClient;
			productReference = FD446B631F300BF000382F2D /* flickrClient.app */;
			productType = "com.apple.product-type.application";
		};
/* End PBXNativeTarget section */

/* Begin PBXProject section */
		FD446B5B1F300BF000382F2D /* Project object */ = {
			isa = PBXProject;
			attributes = {
				LastSwiftUpdateCheck = 0830;
				LastUpgradeCheck = 0830;
				ORGANIZATIONNAME = "Marco Del Angel";
				TargetAttributes = {
					FD446B621F300BF000382F2D = {
						CreatedOnToolsVersion = 8.3.3;
						DevelopmentTeam = 7F57CHRFYP;
						ProvisioningStyle = Automatic;
					};
				};
			};
			buildConfigurationList = FD446B5E1F300BF000382F2D /* Build configuration list for PBXProject "flickrClient" */;
			compatibilityVersion = "Xcode 3.2";
			developmentRegion = English;
			hasScannedForEncodings = 0;
			knownRegions = (
				en,
				Base,
			);
			mainGroup = FD446B5A1F300BF000382F2D;
			productRefGroup = FD446B641F300BF000382F2D /* Products */;
			projectDirPath = "";
			projectRoot = "";
			targets = (
				FD446B621F300BF000382F2D /* flickrClient */,
			);
		};
/* End PBXProject section */

/* Begin PBXResourcesBuildPhase section */
		FD446B611F300BF000382F2D /* Resources */ = {
			isa = PBXResourcesBuildPhase;
			buildActionMask = 2147483647;
			files = (
				FD446B711F300BF100382F2D /* LaunchScreen.storyboard in Resources */,
				FD446B6E1F300BF000382F2D /* Assets.xcassets in Resources */,
				FD446B6C1F300BF000382F2D /* Main.storyboard in Resources */,
			);
			runOnlyForDeploymentPostprocessing = 0;
		};
/* End PBXResourcesBuildPhase section */

/* Begin PBXSourcesBuildPhase section */
		FD446B5F1F300BF000382F2D /* Sources */ = {
			isa = PBXSourcesBuildPhase;
			buildActionMask = 2147483647;
			files = (
				FD446B691F300BF000382F2D /* ViewController.swift in Sources */,
				FD446B671F300BF000382F2D /* AppDelegate.swift in Sources */,
			);
			runOnlyForDeploymentPostprocessing = 0;
		};
/* End PBXSourcesBuildPhase section */

/* Begin PBXVariantGroup section */
		FD446B6A1F300BF000382F2D /* Main.storyboard */ = {
			isa = PBXVariantGroup;
			children = (
				FD446B6B1F300BF000382F2D /* Base */,
			);
			name = Main.storyboard;
			sourceTree = "<group>";
		};
		FD446B6F1F300BF100382F2D /* LaunchScreen.storyboard */ = {
			isa = PBXVariantGroup;
			children = (
				FD446B701F300BF100382F2D /* Base */,
			);
			name = LaunchScreen.storyboard;
			sourceTree = "<group>";
		};
/* End PBXVariantGroup section */

/* Begin XCBuildConfiguration section */
		FD446B731F300BF100382F2D /* Debug */ = {
			isa = XCBuildConfiguration;
			buildSettings = {
				ALWAYS_SEARCH_USER_PATHS = NO;
				CLANG_ANALYZER_NONNULL = YES;
				CLANG_ANALYZER_NUMBER_OBJECT_CONVERSION = YES_AGGRESSIVE;
				CLANG_CXX_LANGUAGE_STANDARD = "gnu++0x";
				CLANG_CXX_LIBRARY = "libc++";
				CLANG_ENABLE_MODULES = YES;
				CLANG_ENABLE_OBJC_ARC = YES;
				CLANG_WARN_BOOL_CONVERSION = YES;
				CLANG_WARN_CONSTANT_CONVERSION = YES;
				CLANG_WARN_DIRECT_OBJC_ISA_USAGE = YES_ERROR;
				CLANG_WARN_DOCUMENTATION_COMMENTS = YES;
				CLANG_WARN_EMPTY_BODY = YES;
				CLANG_WARN_ENUM_CONVERSION = YES;
				CLANG_WARN_INFINITE_RECURSION = YES;
				CLANG_WARN_INT_CONVERSION = YES;
				CLANG_WARN_OBJC_ROOT_CLASS = YES_ERROR;
				CLANG_WARN_SUSPICIOUS_MOVE = YES;
				CLANG_WARN_UNREACHABLE_CODE = YES;
				CLANG_WARN__DUPLICATE_METHOD_MATCH = YES;
				"CODE_SIGN_IDENTITY[sdk=iphoneos*]" = "iPhone Developer";
				COPY_PHASE_STRIP = NO;
				DEBUG_INFORMATION_FORMAT = dwarf;
				ENABLE_STRICT_OBJC_MSGSEND = YES;
				ENABLE_TESTABILITY = YES;
				GCC_C_LANGUAGE_STANDARD = gnu99;
				GCC_DYNAMIC_NO_PIC = NO;
				GCC_NO_COMMON_BLOCKS = YES;
				GCC_OPTIMIZATION_LEVEL = 0;
				GCC_PREPROCESSOR_DEFINITIONS = (
					"DEBUG=1",
					"$(inherited)",
				);
				GCC_WARN_64_TO_32_BIT_CONVERSION = YES;
				GCC_WARN_ABOUT_RETURN_TYPE = YES_ERROR;
				GCC_WARN_UNDECLARED_SELECTOR = YES;
				GCC_WARN_UNINITIALIZED_AUTOS = YES_AGGRESSIVE;
				GCC_WARN_UNUSED_FUNCTION = YES;
				GCC_WARN_UNUSED_VARIABLE = YES;
				IPHONEOS_DEPLOYMENT_TARGET = 10.3;
				MTL_ENABLE_DEBUG_INFO = YES;
				ONLY_ACTIVE_ARCH = YES;
				SDKROOT = iphoneos;
				SWIFT_ACTIVE_COMPILATION_CONDITIONS = DEBUG;
				SWIFT_OPTIMIZATION_LEVEL = "-Onone";
			};
			name = Debug;
		};
		FD446B741F300BF100382F2D /* Release */ = {
			isa = XCBuildConfiguration;
			buildSettings = {
				ALWAYS_SEARCH_USER_PATHS = NO;
				CLANG_ANALYZER_NONNULL = YES;
				CLANG_ANALYZER_NUMBER_OBJECT_CONVERSION = YES_AGGRESSIVE;
				CLANG_CXX_LANGUAGE_STANDARD = "gnu++0x";
				CLANG_CXX_LIBRARY = "libc++";
				CLANG_ENABLE_MODULES = YES;
				CLANG_ENABLE_OBJC_ARC = YES;
				CLANG_WARN_BOOL_CONVERSION = YES;
				CLANG_WARN_CONSTANT_CONVERSION = YES;
				CLANG_WARN_DIRECT_OBJC_ISA_USAGE = YES_ERROR;
				CLANG_WARN_DOCUMENTATION_COMMENTS = YES;
				CLANG_WARN_EMPTY_BODY = YES;
				CLANG_WARN_ENUM_CONVERSION = YES;
				CLANG_WARN_INFINITE_RECURSION = YES;
				CLANG_WARN_INT_CONVERSION = YES;
				CLANG_WARN_OBJC_ROOT_CLASS = YES_ERROR;
				CLANG_WARN_SUSPICIOUS_MOVE = YES;
				CLANG_WARN_UNREACHABLE_CODE = YES;
				CLANG_WARN__DUPLICATE_METHOD_MATCH = YES;
				"CODE_SIGN_IDENTITY[sdk=iphoneos*]" = "iPhone Developer";
				COPY_PHASE_STRIP = NO;
				DEBUG_INFORMATION_FORMAT = "dwarf-with-dsym";
				ENABLE_NS_ASSERTIONS = NO;
				ENABLE_STRICT_OBJC_MSGSEND = YES;
				GCC_C_LANGUAGE_STANDARD = gnu99;
				GCC_NO_COMMON_BLOCKS = YES;
				GCC_WARN_64_TO_32_BIT_CONVERSION = YES;
				GCC_WARN_ABOUT_RETURN_TYPE = YES_ERROR;
				GCC_WARN_UNDECLARED_SELECTOR = YES;
				GCC_WARN_UNINITIALIZED_AUTOS = YES_AGGRESSIVE;
				GCC_WARN_UNUSED_FUNCTION = YES;
				GCC_WARN_UNUSED_VARIABLE = YES;
				IPHONEOS_DEPLOYMENT_TARGET = 10.3;
				MTL_ENABLE_DEBUG_INFO = NO;
				SDKROOT = iphoneos;
				SWIFT_OPTIMIZATION_LEVEL = "-Owholemodule";
				VALIDATE_PRODUCT = YES;
			};
			name = Release;
		};
		FD446B761F300BF100382F2D /* Debug */ = {
			isa = XCBuildConfiguration;
			buildSettings = {
				ASSETCATALOG_COMPILER_APPICON_NAME = AppIcon;
				DEVELOPMENT_TEAM = 7F57CHRFYP;
				INFOPLIST_FILE = flickrClient/Info.plist;
				LD_RUNPATH_SEARCH_PATHS = "$(inherited) @executable_path/Frameworks";
				PRODUCT_BUNDLE_IDENTIFIER = DPP.flickrClient;
				PRODUCT_NAME = "$(TARGET_NAME)";
				SWIFT_VERSION = 3.0;
			};
			name = Debug;
		};
		FD446B771F300BF100382F2D /* Release */ = {
			isa = XCBuildConfiguration;
			buildSettings = {
				ASSETCATALOG_COMPILER_APPICON_NAME = AppIcon;
				DEVELOPMENT_TEAM = 7F57CHRFYP;
				INFOPLIST_FILE = flickrClient/Info.plist;
				LD_RUNPATH_SEARCH_PATHS = "$(inherited) @executable_path/Frameworks";
				PRODUCT_BUNDLE_IDENTIFIER = DPP.flickrClient;
				PRODUCT_NAME = "$(TARGET_NAME)";
				SWIFT_VERSION = 3.0;
			};
			name = Release;
		};
/* End XCBuildConfiguration section */

/* Begin XCConfigurationList section */
		FD446B5E1F300BF000382F2D /* Build configuration list for PBXProject "flickrClient" */ = {
			isa = XCConfigurationList;
			buildConfigurations = (
				FD446B731F300BF100382F2D /* Debug */,
				FD446B741F300BF100382F2D /* Release */,
			);
			defaultConfigurationIsVisible = 0;
			defaultConfigurationName = Release;
		};
		FD446B751F300BF100382F2D /* Build configuration list for PBXNativeTarget "flickrClient" */ = {
			isa = XCConfigurationList;
			buildConfigurations = (
				FD446B761F300BF100382F2D /* Debug */,
				FD446B771F300BF100382F2D /* Release */,
			);
			defaultConfigurationIsVisible = 0;
		};
/* End XCConfigurationList section */
	};
	rootObject = FD446B5B1F300BF000382F2D /* Project object */;
}
